
Microsoft Visual Studio Solution File, Format Version 12.00
# Visual Studio Version 17
Project("{8BC9CEB8-8B4A-11D0-8D11-00A0C91BC942}") = "ALL_BUILD", "ALL_BUILD.vcxproj", "{1FBA1518-F4D0-309B-9AC4-4A0F019CA138}"
	ProjectSection(ProjectDependencies) = postProject
		{304B9D80-4D73-3128-B7CD-B340C5B471C8} = {304B9D80-4D73-3128-B7CD-B340C5B471C8}
		{AA500797-41AC-3997-B8C1-932C3C39B810} = {AA500797-41AC-3997-B8C1-932C3C39B810}
	EndProjectSection
EndProject
Project("{8BC9CEB8-8B4A-11D0-8D11-00A0C91BC942}") = "Sandbox", "Sandbox.vcxproj", "{304B9D80-4D73-3128-B7CD-B340C5B471C8}"
	ProjectSection(ProjectDependencies) = postProject
		{D844AC1A-7D98-3F90-A393-2DD1CC6297E4} = {D844AC1A-7D98-3F90-A393-2DD1CC6297E4}
		{AA500797-41AC-3997-B8C1-932C3C39B810} = {AA500797-41AC-3997-B8C1-932C3C39B810}
		{522C6F94-3EA1-31AA-A147-37F41164A94E} = {522C6F94-3EA1-31AA-A147-37F41164A94E}
	EndProjectSection
EndProject
Project("{8BC9CEB8-8B4A-11D0-8D11-00A0C91BC942}") = "Sprout", "..\Sprout\Sprout.vcxproj", "{D844AC1A-7D98-3F90-A393-2DD1CC6297E4}"
	ProjectSection(ProjectDependencies) = postProject
		{AA500797-41AC-3997-B8C1-932C3C39B810} = {AA500797-41AC-3997-B8C1-932C3C39B810}
		{522C6F94-3EA1-31AA-A147-37F41164A94E} = {522C6F94-3EA1-31AA-A147-37F41164A94E}
	EndProjectSection
EndProject
Project("{8BC9CEB8-8B4A-11D0-8D11-00A0C91BC942}") = "ZERO_CHECK", "..\\ZERO_CHECK.vcxproj", "{AA500797-41AC-3997-B8C1-932C3C39B810}"
	ProjectSection(ProjectDependencies) = postProject
	EndProjectSection
EndProject
Project("{8BC9CEB8-8B4A-11D0-8D11-00A0C91BC942}") = "imgui", "..\Sprout\imgui.vcxproj", "{522C6F94-3EA1-31AA-A147-37F41164A94E}"
	ProjectSection(ProjectDependencies) = postProject
		{AA500797-41AC-3997-B8C1-932C3C39B810} = {AA500797-41AC-3997-B8C1-932C3C39B810}
	EndProjectSection
EndProject
Global
	GlobalSection(SolutionConfigurationPlatforms) = preSolution
		Debug|x64 = Debug|x64
		Release|x64 = Release|x64
		MinSizeRel|x64 = MinSizeRel|x64
		RelWithDebInfo|x64 = RelWithDebInfo|x64
	EndGlobalSection
	GlobalSection(ProjectConfigurationPlatforms) = postSolution
		{1FBA1518-F4D0-309B-9AC4-4A0F019CA138}.Debug|x64.ActiveCfg = Debug|x64
		{1FBA1518-F4D0-309B-9AC4-4A0F019CA138}.Release|x64.ActiveCfg = Release|x64
		{1FBA1518-F4D0-309B-9AC4-4A0F019CA138}.MinSizeRel|x64.ActiveCfg = MinSizeRel|x64
		{1FBA1518-F4D0-309B-9AC4-4A0F019CA138}.RelWithDebInfo|x64.ActiveCfg = RelWithDebInfo|x64
		{304B9D80-4D73-3128-B7CD-B340C5B471C8}.Debug|x64.ActiveCfg = Debug|x64
		{304B9D80-4D73-3128-B7CD-B340C5B471C8}.Debug|x64.Build.0 = Debug|x64
		{304B9D80-4D73-3128-B7CD-B340C5B471C8}.Release|x64.ActiveCfg = Release|x64
		{304B9D80-4D73-3128-B7CD-B340C5B471C8}.Release|x64.Build.0 = Release|x64
		{304B9D80-4D73-3128-B7CD-B340C5B471C8}.MinSizeRel|x64.ActiveCfg = MinSizeRel|x64
		{304B9D80-4D73-3128-B7CD-B340C5B471C8}.MinSizeRel|x64.Build.0 = MinSizeRel|x64
		{304B9D80-4D73-3128-B7CD-B340C5B471C8}.RelWithDebInfo|x64.ActiveCfg = RelWithDebInfo|x64
		{304B9D80-4D73-3128-B7CD-B340C5B471C8}.RelWithDebInfo|x64.Build.0 = RelWithDebInfo|x64
		{D844AC1A-7D98-3F90-A393-2DD1CC6297E4}.Debug|x64.ActiveCfg = Debug|x64
		{D844AC1A-7D98-3F90-A393-2DD1CC6297E4}.Debug|x64.Build.0 = Debug|x64
		{D844AC1A-7D98-3F90-A393-2DD1CC6297E4}.Release|x64.ActiveCfg = Release|x64
		{D844AC1A-7D98-3F90-A393-2DD1CC6297E4}.Release|x64.Build.0 = Release|x64
		{D844AC1A-7D98-3F90-A393-2DD1CC6297E4}.MinSizeRel|x64.ActiveCfg = MinSizeRel|x64
		{D844AC1A-7D98-3F90-A393-2DD1CC6297E4}.MinSizeRel|x64.Build.0 = MinSizeRel|x64
		{D844AC1A-7D98-3F90-A393-2DD1CC6297E4}.RelWithDebInfo|x64.ActiveCfg = RelWithDebInfo|x64
		{D844AC1A-7D98-3F90-A393-2DD1CC6297E4}.RelWithDebInfo|x64.Build.0 = RelWithDebInfo|x64
		{AA500797-41AC-3997-B8C1-932C3C39B810}.Debug|x64.ActiveCfg = Debug|x64
		{AA500797-41AC-3997-B8C1-932C3C39B810}.Debug|x64.Build.0 = Debug|x64
		{AA500797-41AC-3997-B8C1-932C3C39B810}.Release|x64.ActiveCfg = Release|x64
		{AA500797-41AC-3997-B8C1-932C3C39B810}.Release|x64.Build.0 = Release|x64
		{AA500797-41AC-3997-B8C1-932C3C39B810}.MinSizeRel|x64.ActiveCfg = MinSizeRel|x64
		{AA500797-41AC-3997-B8C1-932C3C39B810}.MinSizeRel|x64.Build.0 = MinSizeRel|x64
		{AA500797-41AC-3997-B8C1-932C3C39B810}.RelWithDebInfo|x64.ActiveCfg = RelWithDebInfo|x64
		{AA500797-41AC-3997-B8C1-932C3C39B810}.RelWithDebInfo|x64.Build.0 = RelWithDebInfo|x64
		{522C6F94-3EA1-31AA-A147-37F41164A94E}.Debug|x64.ActiveCfg = Debug|x64
		{522C6F94-3EA1-31AA-A147-37F41164A94E}.Debug|x64.Build.0 = Debug|x64
		{522C6F94-3EA1-31AA-A147-37F41164A94E}.Release|x64.ActiveCfg = Release|x64
		{522C6F94-3EA1-31AA-A147-37F41164A94E}.Release|x64.Build.0 = Release|x64
		{522C6F94-3EA1-31AA-A147-37F41164A94E}.MinSizeRel|x64.ActiveCfg = MinSizeRel|x64
		{522C6F94-3EA1-31AA-A147-37F41164A94E}.MinSizeRel|x64.Build.0 = MinSizeRel|x64
		{522C6F94-3EA1-31AA-A147-37F41164A94E}.RelWithDebInfo|x64.ActiveCfg = RelWithDebInfo|x64
		{522C6F94-3EA1-31AA-A147-37F41164A94E}.RelWithDebInfo|x64.Build.0 = RelWithDebInfo|x64
	EndGlobalSection
	GlobalSection(ExtensibilityGlobals) = postSolution
		SolutionGuid = {D4FF3398-E5B5-30FE-81EF-C9A94EF43145}
	EndGlobalSection
	GlobalSection(ExtensibilityAddIns) = postSolution
	EndGlobalSection
EndGlobal
