<?xml version="1.0" encoding="utf-8"?>
<Project ToolsVersion="17.0" xmlns="http://schemas.microsoft.com/developer/msbuild/2003">
  <ItemGroup>
    <ClCompile Include="D:\Engines\Sprout\Sandbox\src\SandboxApp.cpp">
      <Filter>Source Files</Filter>
    </ClCompile>
  </ItemGroup>
  <ItemGroup>
    <CustomBuild Include="D:\Engines\Sprout\Sandbox\CMakeLists.txt" />
  </ItemGroup>
  <ItemGroup>
    <Filter Include="Source Files">
      <UniqueIdentifier>{7B949EB9-8E48-3BEB-B7E6-ED8F0AA76617}</UniqueIdentifier>
    </Filter>
  </ItemGroup>
</Project>
