<?xml version="1.0" encoding="utf-8"?>
<Project ToolsVersion="17.0" xmlns="http://schemas.microsoft.com/developer/msbuild/2003">
  <ItemGroup>
    <CustomBuild Include="D:\Engines\Sprout\CMakeFiles\31e2369aae66f32a703a140e7173440b\INSTALL_force.rule">
      <Filter>CMake Rules</Filter>
    </CustomBuild>
  </ItemGroup>
  <ItemGroup>
    <Filter Include="CMake Rules">
      <UniqueIdentifier>{1C792B1F-8CA5-347B-BB1C-1E86E5AB8404}</UniqueIdentifier>
    </Filter>
  </ItemGroup>
</Project>
