<?xml version="1.0" encoding="utf-8"?>
<Project ToolsVersion="4.0" xmlns="http://schemas.microsoft.com/developer/msbuild/2003">
  <ItemGroup>
    <Filter Include="src">
      <UniqueIdentifier>{2DAB880B-99B4-887C-2230-9F7C8E38947C}</UniqueIdentifier>
    </Filter>
    <Filter Include="src\Platform">
      <UniqueIdentifier>{21CA02E5-0D2D-9289-B6B2-CA3FA2F45D0C}</UniqueIdentifier>
    </Filter>
    <Filter Include="src\Platform\DirectX11">
      <UniqueIdentifier>{2549C2B7-1143-EB09-FAAF-811AE6485176}</UniqueIdentifier>
    </Filter>
    <Filter Include="src\Platform\FakeRenderer">
      <UniqueIdentifier>{3E2F57FF-AAF1-8A89-F3A1-19165FA36367}</UniqueIdentifier>
    </Filter>
    <Filter Include="src\Platform\OpenGL">
      <UniqueIdentifier>{35A49437-A105-7245-2A73-B8F796D3A804}</UniqueIdentifier>
    </Filter>
    <Filter Include="src\Platform\Windows">
      <UniqueIdentifier>{5B054582-4794-CE4B-F0B2-E246DC20DFF1}</UniqueIdentifier>
    </Filter>
    <Filter Include="src\Sprout">
      <UniqueIdentifier>{892D052F-75E5-467C-DEEC-1FD8CAC3E16C}</UniqueIdentifier>
    </Filter>
    <Filter Include="src\Sprout\Core">
      <UniqueIdentifier>{812F5595-EDBA-C259-F6CB-454E62D61E5A}</UniqueIdentifier>
    </Filter>
    <Filter Include="src\Sprout\CoreEvents">
      <UniqueIdentifier>{B690D9E5-22FD-94E0-EBF0-2C3E571CB748}</UniqueIdentifier>
    </Filter>
    <Filter Include="src\Sprout\FileSystem">
      <UniqueIdentifier>{FDE769CE-6954-25C9-3248-BD269E734731}</UniqueIdentifier>
    </Filter>
    <Filter Include="src\Sprout\ImGui">
      <UniqueIdentifier>{73E56540-5FDE-8492-8810-6A177468649E}</UniqueIdentifier>
    </Filter>
    <Filter Include="src\Sprout\Input">
      <UniqueIdentifier>{48206740-3419-8692-5D4B-6B1749A3659E}</UniqueIdentifier>
    </Filter>
    <Filter Include="src\Sprout\Math">
      <UniqueIdentifier>{02705A95-6EFB-C759-770C-4B4EE316245A}</UniqueIdentifier>
    </Filter>
    <Filter Include="src\Sprout\Renderer">
      <UniqueIdentifier>{4FBB5A60-BB1C-386E-448A-7E20B0EA6E2D}</UniqueIdentifier>
    </Filter>
    <Filter Include="src\Sprout\Scene">
      <UniqueIdentifier>{66DD1541-52D6-3493-7B08-1A186760149F}</UniqueIdentifier>
    </Filter>
    <Filter Include="vendor">
      <UniqueIdentifier>{B3738122-9F15-ACF8-88D0-BF4C74113349}</UniqueIdentifier>
    </Filter>
    <Filter Include="vendor\stb_image">
      <UniqueIdentifier>{0DA0BA59-F998-D9AB-22CB-BE300E23B9B7}</UniqueIdentifier>
    </Filter>
  </ItemGroup>
  <ItemGroup>
    <ClInclude Include="src\Platform\DirectX11\DX11Buffer.h">
      <Filter>src\Platform\DirectX11</Filter>
    </ClInclude>
    <ClInclude Include="src\Platform\DirectX11\DX11ConstantBuffer.h">
      <Filter>src\Platform\DirectX11</Filter>
    </ClInclude>
    <ClInclude Include="src\Platform\DirectX11\DX11Context.h">
      <Filter>src\Platform\DirectX11</Filter>
    </ClInclude>
    <ClInclude Include="src\Platform\DirectX11\DX11ImGuiBackend.h">
      <Filter>src\Platform\DirectX11</Filter>
    </ClInclude>
    <ClInclude Include="src\Platform\DirectX11\DX11InputLayout.h">
      <Filter>src\Platform\DirectX11</Filter>
    </ClInclude>
    <ClInclude Include="src\Platform\DirectX11\DX11RendererAPI.h">
      <Filter>src\Platform\DirectX11</Filter>
    </ClInclude>
    <ClInclude Include="src\Platform\DirectX11\DX11Shader.h">
      <Filter>src\Platform\DirectX11</Filter>
    </ClInclude>
    <ClInclude Include="src\Platform\DirectX11\DX11Texture.h">
      <Filter>src\Platform\DirectX11</Filter>
    </ClInclude>
    <ClInclude Include="src\Platform\DirectX11\DX11VertexArray.h">
      <Filter>src\Platform\DirectX11</Filter>
    </ClInclude>
    <ClInclude Include="src\Platform\FakeRenderer\FakeRendererAPI.h">
      <Filter>src\Platform\FakeRenderer</Filter>
    </ClInclude>
    <ClInclude Include="src\Platform\OpenGL\OpenGLBuffer.h">
      <Filter>src\Platform\OpenGL</Filter>
    </ClInclude>
    <ClInclude Include="src\Platform\OpenGL\OpenGLConstantBuffer.h">
      <Filter>src\Platform\OpenGL</Filter>
    </ClInclude>
    <ClInclude Include="src\Platform\OpenGL\OpenGLContext.h">
      <Filter>src\Platform\OpenGL</Filter>
    </ClInclude>
    <ClInclude Include="src\Platform\OpenGL\OpenGLImGuiBackend.h">
      <Filter>src\Platform\OpenGL</Filter>
    </ClInclude>
    <ClInclude Include="src\Platform\OpenGL\OpenGLInputLayout.h">
      <Filter>src\Platform\OpenGL</Filter>
    </ClInclude>
    <ClInclude Include="src\Platform\OpenGL\OpenGLRendererAPI.h">
      <Filter>src\Platform\OpenGL</Filter>
    </ClInclude>
    <ClInclude Include="src\Platform\OpenGL\OpenGLShader.h">
      <Filter>src\Platform\OpenGL</Filter>
    </ClInclude>
    <ClInclude Include="src\Platform\OpenGL\OpenGLTexture.h">
      <Filter>src\Platform\OpenGL</Filter>
    </ClInclude>
    <ClInclude Include="src\Platform\OpenGL\OpenGLVertexArray.h">
      <Filter>src\Platform\OpenGL</Filter>
    </ClInclude>
    <ClInclude Include="src\Platform\Windows\WinWindow.h">
      <Filter>src\Platform\Windows</Filter>
    </ClInclude>
    <ClInclude Include="src\Sprout.h">
      <Filter>src</Filter>
    </ClInclude>
    <ClInclude Include="src\Sprout\Core\App.h">
      <Filter>src\Sprout\Core</Filter>
    </ClInclude>
    <ClInclude Include="src\Sprout\Core\Assert.h">
      <Filter>src\Sprout\Core</Filter>
    </ClInclude>
    <ClInclude Include="src\Sprout\Core\Core.h">
      <Filter>src\Sprout\Core</Filter>
    </ClInclude>
    <ClInclude Include="src\Sprout\Core\EntryPoint.h">
      <Filter>src\Sprout\Core</Filter>
    </ClInclude>
    <ClInclude Include="src\Sprout\Core\EnumUtils.h">
      <Filter>src\Sprout\Core</Filter>
    </ClInclude>
    <ClInclude Include="src\Sprout\Core\Layer.h">
      <Filter>src\Sprout\Core</Filter>
    </ClInclude>
    <ClInclude Include="src\Sprout\Core\LayerStack.h">
      <Filter>src\Sprout\Core</Filter>
    </ClInclude>
    <ClInclude Include="src\Sprout\Core\Log.h">
      <Filter>src\Sprout\Core</Filter>
    </ClInclude>
    <ClInclude Include="src\Sprout\Core\PlatformDetection.h">
      <Filter>src\Sprout\Core</Filter>
    </ClInclude>
    <ClInclude Include="src\Sprout\Core\Timestep.h">
      <Filter>src\Sprout\Core</Filter>
    </ClInclude>
    <ClInclude Include="src\Sprout\Core\Window.h">
      <Filter>src\Sprout\Core</Filter>
    </ClInclude>
    <ClInclude Include="src\Sprout\CoreEvents\CoreEvent.h">
      <Filter>src\Sprout\CoreEvents</Filter>
    </ClInclude>
    <ClInclude Include="src\Sprout\CoreEvents\KeyEvent.h">
      <Filter>src\Sprout\CoreEvents</Filter>
    </ClInclude>
    <ClInclude Include="src\Sprout\CoreEvents\MouseEvent.h">
      <Filter>src\Sprout\CoreEvents</Filter>
    </ClInclude>
    <ClInclude Include="src\Sprout\CoreEvents\WinEvent.h">
      <Filter>src\Sprout\CoreEvents</Filter>
    </ClInclude>
    <ClInclude Include="src\Sprout\FileSystem\FileUtils.h">
      <Filter>src\Sprout\FileSystem</Filter>
    </ClInclude>
    <ClInclude Include="src\Sprout\ImGui\ImGuiBackend.h">
      <Filter>src\Sprout\ImGui</Filter>
    </ClInclude>
    <ClInclude Include="src\Sprout\ImGui\ImGuiLayer.h">
      <Filter>src\Sprout\ImGui</Filter>
    </ClInclude>
    <ClInclude Include="src\Sprout\Input\Input.h">
      <Filter>src\Sprout\Input</Filter>
    </ClInclude>
    <ClInclude Include="src\Sprout\Input\KeyCode.h">
      <Filter>src\Sprout\Input</Filter>
    </ClInclude>
    <ClInclude Include="src\Sprout\Input\MouseCode.h">
      <Filter>src\Sprout\Input</Filter>
    </ClInclude>
    <ClInclude Include="src\Sprout\Math\Enumerations.h">
      <Filter>src\Sprout\Math</Filter>
    </ClInclude>
    <ClInclude Include="src\Sprout\Renderer\Buffer.h">
      <Filter>src\Sprout\Renderer</Filter>
    </ClInclude>
    <ClInclude Include="src\Sprout\Renderer\Camera.h">
      <Filter>src\Sprout\Renderer</Filter>
    </ClInclude>
    <ClInclude Include="src\Sprout\Renderer\ConstantBuffer.h">
      <Filter>src\Sprout\Renderer</Filter>
    </ClInclude>
    <ClInclude Include="src\Sprout\Renderer\InputLayout.h">
      <Filter>src\Sprout\Renderer</Filter>
    </ClInclude>
    <ClInclude Include="src\Sprout\Renderer\RenderCommand.h">
      <Filter>src\Sprout\Renderer</Filter>
    </ClInclude>
    <ClInclude Include="src\Sprout\Renderer\Renderer.h">
      <Filter>src\Sprout\Renderer</Filter>
    </ClInclude>
    <ClInclude Include="src\Sprout\Renderer\Renderer2D.h">
      <Filter>src\Sprout\Renderer</Filter>
    </ClInclude>
    <ClInclude Include="src\Sprout\Renderer\RendererAPI.h">
      <Filter>src\Sprout\Renderer</Filter>
    </ClInclude>
    <ClInclude Include="src\Sprout\Renderer\RendererContext.h">
      <Filter>src\Sprout\Renderer</Filter>
    </ClInclude>
    <ClInclude Include="src\Sprout\Renderer\Shader.h">
      <Filter>src\Sprout\Renderer</Filter>
    </ClInclude>
    <ClInclude Include="src\Sprout\Renderer\Texture.h">
      <Filter>src\Sprout\Renderer</Filter>
    </ClInclude>
    <ClInclude Include="src\Sprout\Renderer\VertexArray.h">
      <Filter>src\Sprout\Renderer</Filter>
    </ClInclude>
    <ClInclude Include="src\Sprout\Scene\CameraController.h">
      <Filter>src\Sprout\Scene</Filter>
    </ClInclude>
    <ClInclude Include="src\spch.h">
      <Filter>src</Filter>
    </ClInclude>
    <ClInclude Include="vendor\stb_image\stb_image.h">
      <Filter>vendor\stb_image</Filter>
    </ClInclude>
  </ItemGroup>
  <ItemGroup>
    <ClCompile Include="src\Platform\DirectX11\DX11Buffer.cpp">
      <Filter>src\Platform\DirectX11</Filter>
    </ClCompile>
    <ClCompile Include="src\Platform\DirectX11\DX11ConstantBuffer.cpp">
      <Filter>src\Platform\DirectX11</Filter>
    </ClCompile>
    <ClCompile Include="src\Platform\DirectX11\DX11Context.cpp">
      <Filter>src\Platform\DirectX11</Filter>
    </ClCompile>
    <ClCompile Include="src\Platform\DirectX11\DX11ImGuiBackend.cpp">
      <Filter>src\Platform\DirectX11</Filter>
    </ClCompile>
    <ClCompile Include="src\Platform\DirectX11\DX11InputLayout.cpp">
      <Filter>src\Platform\DirectX11</Filter>
    </ClCompile>
    <ClCompile Include="src\Platform\DirectX11\DX11RendererAPI.cpp">
      <Filter>src\Platform\DirectX11</Filter>
    </ClCompile>
    <ClCompile Include="src\Platform\DirectX11\DX11Shader.cpp">
      <Filter>src\Platform\DirectX11</Filter>
    </ClCompile>
    <ClCompile Include="src\Platform\DirectX11\DX11Texture.cpp">
      <Filter>src\Platform\DirectX11</Filter>
    </ClCompile>
    <ClCompile Include="src\Platform\DirectX11\DX11VertexArray.cpp">
      <Filter>src\Platform\DirectX11</Filter>
    </ClCompile>
    <ClCompile Include="src\Platform\FakeRenderer\FakeRendererAPI.cpp">
      <Filter>src\Platform\FakeRenderer</Filter>
    </ClCompile>
    <ClCompile Include="src\Platform\OpenGL\OpenGLBuffer.cpp">
      <Filter>src\Platform\OpenGL</Filter>
    </ClCompile>
    <ClCompile Include="src\Platform\OpenGL\OpenGLConstantBuffer.cpp">
      <Filter>src\Platform\OpenGL</Filter>
    </ClCompile>
    <ClCompile Include="src\Platform\OpenGL\OpenGLContext.cpp">
      <Filter>src\Platform\OpenGL</Filter>
    </ClCompile>
    <ClCompile Include="src\Platform\OpenGL\OpenGLImGuiBackend.cpp">
      <Filter>src\Platform\OpenGL</Filter>
    </ClCompile>
    <ClCompile Include="src\Platform\OpenGL\OpenGLInputLayout.cpp">
      <Filter>src\Platform\OpenGL</Filter>
    </ClCompile>
    <ClCompile Include="src\Platform\OpenGL\OpenGLRendererAPI.cpp">
      <Filter>src\Platform\OpenGL</Filter>
    </ClCompile>
    <ClCompile Include="src\Platform\OpenGL\OpenGLShader.cpp">
      <Filter>src\Platform\OpenGL</Filter>
    </ClCompile>
    <ClCompile Include="src\Platform\OpenGL\OpenGLTexture.cpp">
      <Filter>src\Platform\OpenGL</Filter>
    </ClCompile>
    <ClCompile Include="src\Platform\OpenGL\OpenGLVertexArray.cpp">
      <Filter>src\Platform\OpenGL</Filter>
    </ClCompile>
    <ClCompile Include="src\Platform\Windows\WinInput.cpp">
      <Filter>src\Platform\Windows</Filter>
    </ClCompile>
    <ClCompile Include="src\Platform\Windows\WinWindow.cpp">
      <Filter>src\Platform\Windows</Filter>
    </ClCompile>
    <ClCompile Include="src\Sprout\Core\App.cpp">
      <Filter>src\Sprout\Core</Filter>
    </ClCompile>
    <ClCompile Include="src\Sprout\Core\LayerStack.cpp">
      <Filter>src\Sprout\Core</Filter>
    </ClCompile>
    <ClCompile Include="src\Sprout\Core\Log.cpp">
      <Filter>src\Sprout\Core</Filter>
    </ClCompile>
    <ClCompile Include="src\Sprout\FileSystem\FileUtils.cpp">
      <Filter>src\Sprout\FileSystem</Filter>
    </ClCompile>
    <ClCompile Include="src\Sprout\ImGui\ImGuiBackend.cpp">
      <Filter>src\Sprout\ImGui</Filter>
    </ClCompile>
    <ClCompile Include="src\Sprout\ImGui\ImGuiBuild.cpp">
      <Filter>src\Sprout\ImGui</Filter>
    </ClCompile>
    <ClCompile Include="src\Sprout\ImGui\ImGuiLayer.cpp">
      <Filter>src\Sprout\ImGui</Filter>
    </ClCompile>
    <ClCompile Include="src\Sprout\Renderer\Buffer.cpp">
      <Filter>src\Sprout\Renderer</Filter>
    </ClCompile>
    <ClCompile Include="src\Sprout\Renderer\ConstantBuffer.cpp">
      <Filter>src\Sprout\Renderer</Filter>
    </ClCompile>
    <ClCompile Include="src\Sprout\Renderer\RenderCommand.cpp">
      <Filter>src\Sprout\Renderer</Filter>
    </ClCompile>
    <ClCompile Include="src\Sprout\Renderer\Renderer.cpp">
      <Filter>src\Sprout\Renderer</Filter>
    </ClCompile>
    <ClCompile Include="src\Sprout\Renderer\Renderer2D.cpp">
      <Filter>src\Sprout\Renderer</Filter>
    </ClCompile>
    <ClCompile Include="src\Sprout\Renderer\RendererAPI.cpp">
      <Filter>src\Sprout\Renderer</Filter>
    </ClCompile>
    <ClCompile Include="src\Sprout\Renderer\RendererContext.cpp">
      <Filter>src\Sprout\Renderer</Filter>
    </ClCompile>
    <ClCompile Include="src\Sprout\Renderer\Shader.cpp">
      <Filter>src\Sprout\Renderer</Filter>
    </ClCompile>
    <ClCompile Include="src\Sprout\Renderer\Texture.cpp">
      <Filter>src\Sprout\Renderer</Filter>
    </ClCompile>
    <ClCompile Include="src\Sprout\Renderer\VertexArray.cpp">
      <Filter>src\Sprout\Renderer</Filter>
    </ClCompile>
    <ClCompile Include="src\Sprout\Scene\CameraController.cpp">
      <Filter>src\Sprout\Scene</Filter>
    </ClCompile>
    <ClCompile Include="src\spch.cpp">
      <Filter>src</Filter>
    </ClCompile>
    <ClCompile Include="vendor\stb_image\stb_image.cpp">
      <Filter>vendor\stb_image</Filter>
    </ClCompile>
  </ItemGroup>
</Project>